// !$*UTF8*$!
{
	archiveVersion = 1;
	classes = {
	};
	objectVersion = 46;
	objects = {

/* Begin PBXBuildFile section */
		ED15F9851B69FA3500C3F0B9 /* AceSATColors.swift in Sources */ = {isa = PBXBuildFile; fileRef = ED15F9841B69FA3500C3F0B9 /* AceSATColors.swift */; };
		ED15F98A1B6A044000C3F0B9 /* TintColorLabel.swift in Sources */ = {isa = PBXBuildFile; fileRef = ED15F9891B6A044000C3F0B9 /* TintColorLabel.swift */; };
		ED15F98C1B6A054400C3F0B9 /* RoundGradientButton.swift in Sources */ = {isa = PBXBuildFile; fileRef = ED15F98B1B6A054400C3F0B9 /* RoundGradientButton.swift */; };
		ED1BA4B81B659B2D0095BF34 /* PracticeFlashcardViewController.swift in Sources */ = {isa = PBXBuildFile; fileRef = ED1BA4B71B659B2D0095BF34 /* PracticeFlashcardViewController.swift */; };
		ED1C89C51B5985EF00DCF0EB /* AppDelegate.swift in Sources */ = {isa = PBXBuildFile; fileRef = ED1C89C41B5985EF00DCF0EB /* AppDelegate.swift */; };
		ED1C89CA1B5985EF00DCF0EB /* Main.storyboard in Resources */ = {isa = PBXBuildFile; fileRef = ED1C89C81B5985EF00DCF0EB /* Main.storyboard */; };
		ED1C89CC1B5985EF00DCF0EB /* Assets.xcassets in Resources */ = {isa = PBXBuildFile; fileRef = ED1C89CB1B5985EF00DCF0EB /* Assets.xcassets */; };
		ED1C89CF1B5985EF00DCF0EB /* LaunchScreen.storyboard in Resources */ = {isa = PBXBuildFile; fileRef = ED1C89CD1B5985EF00DCF0EB /* LaunchScreen.storyboard */; };
		ED3322541B61B99000E3F624 /* ReviewTableViewController.swift in Sources */ = {isa = PBXBuildFile; fileRef = ED3322531B61B99000E3F624 /* ReviewTableViewController.swift */; };
		ED403E961BB81E5400BC3E58 /* Interface.storyboard in Resources */ = {isa = PBXBuildFile; fileRef = ED403E941BB81E5400BC3E58 /* Interface.storyboard */; };
		ED403E981BB81E5400BC3E58 /* Assets.xcassets in Resources */ = {isa = PBXBuildFile; fileRef = ED403E971BB81E5400BC3E58 /* Assets.xcassets */; };
		ED403E9F1BB81E5500BC3E58 /* AceSATWatch Extension.appex in Embed App Extensions */ = {isa = PBXBuildFile; fileRef = ED403E9E1BB81E5500BC3E58 /* AceSATWatch Extension.appex */; settings = {ATTRIBUTES = (RemoveHeadersOnCopy, ); }; };
		ED403EA41BB81E5500BC3E58 /* ListPickerInterfaceController.swift in Sources */ = {isa = PBXBuildFile; fileRef = ED403EA31BB81E5500BC3E58 /* ListPickerInterfaceController.swift */; };
		ED403EA61BB81E5500BC3E58 /* ExtensionDelegate.swift in Sources */ = {isa = PBXBuildFile; fileRef = ED403EA51BB81E5500BC3E58 /* ExtensionDelegate.swift */; };
		ED403EA81BB81E5500BC3E58 /* GlanceController.swift in Sources */ = {isa = PBXBuildFile; fileRef = ED403EA71BB81E5500BC3E58 /* GlanceController.swift */; };
		ED403EAA1BB81E5500BC3E58 /* Assets.xcassets in Resources */ = {isa = PBXBuildFile; fileRef = ED403EA91BB81E5500BC3E58 /* Assets.xcassets */; };
		ED403EAE1BB81E5500BC3E58 /* AceSATWatch.app in Embed Watch Content */ = {isa = PBXBuildFile; fileRef = ED403E921BB81E5400BC3E58 /* AceSATWatch.app */; };
		ED403EBA1BB8232500BC3E58 /* ReviewInterfaceController.swift in Sources */ = {isa = PBXBuildFile; fileRef = ED403EB91BB8232500BC3E58 /* ReviewInterfaceController.swift */; settings = {ASSET_TAGS = (); }; };
		ED403EBC1BB8235900BC3E58 /* ReviewTableRow.swift in Sources */ = {isa = PBXBuildFile; fileRef = ED403EBB1BB8235900BC3E58 /* ReviewTableRow.swift */; settings = {ASSET_TAGS = (); }; };
		ED403EBF1BB824A500BC3E58 /* AceSATColors.swift in Sources */ = {isa = PBXBuildFile; fileRef = ED15F9841B69FA3500C3F0B9 /* AceSATColors.swift */; settings = {ASSET_TAGS = (); }; };
		ED5A00211B6E04EC00EDB303 /* WordListPickerView.swift in Sources */ = {isa = PBXBuildFile; fileRef = ED5A00201B6E04EC00EDB303 /* WordListPickerView.swift */; };
		ED67293B1B65BFCB00B396F6 /* PracticePageViewController.swift in Sources */ = {isa = PBXBuildFile; fileRef = ED67293A1B65BFCB00B396F6 /* PracticePageViewController.swift */; };
		ED67293D1B66059200B396F6 /* TestViewController.swift in Sources */ = {isa = PBXBuildFile; fileRef = ED67293C1B66059200B396F6 /* TestViewController.swift */; };
		ED67293F1B66D0AF00B396F6 /* TestPageViewController.swift in Sources */ = {isa = PBXBuildFile; fileRef = ED67293E1B66D0AF00B396F6 /* TestPageViewController.swift */; };
		ED69D2F01B6478EC00B1A4AC /* ReviewTableViewCell.swift in Sources */ = {isa = PBXBuildFile; fileRef = ED69D2EF1B6478EC00B1A4AC /* ReviewTableViewCell.swift */; };
		ED69D2F21B647F2000B1A4AC /* MainMenuViewController.swift in Sources */ = {isa = PBXBuildFile; fileRef = ED69D2F11B647F2000B1A4AC /* MainMenuViewController.swift */; };
		ED834E301BB923260063EF7C /* MainScreenPracticeInterfaceController.swift in Sources */ = {isa = PBXBuildFile; fileRef = ED834E2F1BB923260063EF7C /* MainScreenPracticeInterfaceController.swift */; settings = {ASSET_TAGS = (); }; };
		ED8CF1EF1BB97BA800356C8E /* Assets.xcassets in Resources */ = {isa = PBXBuildFile; fileRef = ED1C89CB1B5985EF00DCF0EB /* Assets.xcassets */; settings = {ASSET_TAGS = (); }; };
		EDAF68C41BC01B6D001E862D /* WordListManager.swift in Sources */ = {isa = PBXBuildFile; fileRef = EDFE7D0A1B67490F00168A7A /* WordListManager.swift */; settings = {ASSET_TAGS = (); }; };
		EDAF68C51BC01B72001E862D /* Test.swift in Sources */ = {isa = PBXBuildFile; fileRef = EDFE7D2A1B675E3400168A7A /* Test.swift */; settings = {ASSET_TAGS = (); }; };
		EDAF68C61BC01DB2001E862D /* WordList.json in Resources */ = {isa = PBXBuildFile; fileRef = EDF48E351B64507A0090C6F3 /* WordList.json */; settings = {ASSET_TAGS = (); }; };
		EDAF68C81BC01DE6001E862D /* ModePickerInterfaceController.swift in Sources */ = {isa = PBXBuildFile; fileRef = EDAF68C71BC01DE6001E862D /* ModePickerInterfaceController.swift */; settings = {ASSET_TAGS = (); }; };
		EDC573171B69624D001B1E9C /* TestReviewTableViewController.swift in Sources */ = {isa = PBXBuildFile; fileRef = EDC573161B69624D001B1E9C /* TestReviewTableViewController.swift */; };
		EDC573191B696869001B1E9C /* TestReviewTableViewCell.swift in Sources */ = {isa = PBXBuildFile; fileRef = EDC573181B696869001B1E9C /* TestReviewTableViewCell.swift */; };
		EDCD69191BB8EE01008D19F9 /* PracticeInterfaceController.swift in Sources */ = {isa = PBXBuildFile; fileRef = EDCD69181BB8EE01008D19F9 /* PracticeInterfaceController.swift */; settings = {ASSET_TAGS = (); }; };
		EDD3AD4A1B6D689500494618 /* TestPercentageView.swift in Sources */ = {isa = PBXBuildFile; fileRef = EDD3AD491B6D689500494618 /* TestPercentageView.swift */; };
		EDF48E361B64507A0090C6F3 /* WordList.json in Resources */ = {isa = PBXBuildFile; fileRef = EDF48E351B64507A0090C6F3 /* WordList.json */; };
		EDFE7D0B1B67490F00168A7A /* WordListManager.swift in Sources */ = {isa = PBXBuildFile; fileRef = EDFE7D0A1B67490F00168A7A /* WordListManager.swift */; };
		EDFE7D2B1B675E3400168A7A /* Test.swift in Sources */ = {isa = PBXBuildFile; fileRef = EDFE7D2A1B675E3400168A7A /* Test.swift */; };
		EDFE7D2D1B6801F000168A7A /* TestResultsViewController.swift in Sources */ = {isa = PBXBuildFile; fileRef = EDFE7D2C1B6801F000168A7A /* TestResultsViewController.swift */; };
/* End PBXBuildFile section */

/* Begin PBXContainerItemProxy section */
		ED403EA01BB81E5500BC3E58 /* PBXContainerItemProxy */ = {
			isa = PBXContainerItemProxy;
			containerPortal = ED1C89B91B5985EF00DCF0EB /* Project object */;
			proxyType = 1;
			remoteGlobalIDString = ED403E9D1BB81E5500BC3E58;
			remoteInfo = "AceSATWatch Extension";
		};
		ED403EAC1BB81E5500BC3E58 /* PBXContainerItemProxy */ = {
			isa = PBXContainerItemProxy;
			containerPortal = ED1C89B91B5985EF00DCF0EB /* Project object */;
			proxyType = 1;
			remoteGlobalIDString = ED403E911BB81E5400BC3E58;
			remoteInfo = AceSATWatch;
		};
/* End PBXContainerItemProxy section */

/* Begin PBXCopyFilesBuildPhase section */
		ED403EB41BB81E5500BC3E58 /* Embed App Extensions */ = {
			isa = PBXCopyFilesBuildPhase;
			buildActionMask = 2147483647;
			dstPath = "";
			dstSubfolderSpec = 13;
			files = (
				ED403E9F1BB81E5500BC3E58 /* AceSATWatch Extension.appex in Embed App Extensions */,
			);
			name = "Embed App Extensions";
			runOnlyForDeploymentPostprocessing = 0;
		};
		ED403EB61BB81E5500BC3E58 /* Embed Watch Content */ = {
			isa = PBXCopyFilesBuildPhase;
			buildActionMask = 2147483647;
			dstPath = "$(CONTENTS_FOLDER_PATH)/Watch";
			dstSubfolderSpec = 16;
			files = (
				ED403EAE1BB81E5500BC3E58 /* AceSATWatch.app in Embed Watch Content */,
			);
			name = "Embed Watch Content";
			runOnlyForDeploymentPostprocessing = 0;
		};
/* End PBXCopyFilesBuildPhase section */

/* Begin PBXFileReference section */
		ED15F9841B69FA3500C3F0B9 /* AceSATColors.swift */ = {isa = PBXFileReference; fileEncoding = 4; lastKnownFileType = sourcecode.swift; path = AceSATColors.swift; sourceTree = "<group>"; };
		ED15F9891B6A044000C3F0B9 /* TintColorLabel.swift */ = {isa = PBXFileReference; fileEncoding = 4; lastKnownFileType = sourcecode.swift; path = TintColorLabel.swift; sourceTree = "<group>"; };
		ED15F98B1B6A054400C3F0B9 /* RoundGradientButton.swift */ = {isa = PBXFileReference; fileEncoding = 4; lastKnownFileType = sourcecode.swift; path = RoundGradientButton.swift; sourceTree = "<group>"; };
		ED1BA4B71B659B2D0095BF34 /* PracticeFlashcardViewController.swift */ = {isa = PBXFileReference; fileEncoding = 4; lastKnownFileType = sourcecode.swift; path = PracticeFlashcardViewController.swift; sourceTree = "<group>"; };
		ED1C89C11B5985EF00DCF0EB /* AceSAT.app */ = {isa = PBXFileReference; explicitFileType = wrapper.application; includeInIndex = 0; path = AceSAT.app; sourceTree = BUILT_PRODUCTS_DIR; };
		ED1C89C41B5985EF00DCF0EB /* AppDelegate.swift */ = {isa = PBXFileReference; lastKnownFileType = sourcecode.swift; path = AppDelegate.swift; sourceTree = "<group>"; };
		ED1C89C91B5985EF00DCF0EB /* Base */ = {isa = PBXFileReference; lastKnownFileType = file.storyboard; name = Base; path = Base.lproj/Main.storyboard; sourceTree = "<group>"; };
		ED1C89CB1B5985EF00DCF0EB /* Assets.xcassets */ = {isa = PBXFileReference; lastKnownFileType = folder.assetcatalog; path = Assets.xcassets; sourceTree = "<group>"; };
		ED1C89CE1B5985EF00DCF0EB /* Base */ = {isa = PBXFileReference; lastKnownFileType = file.storyboard; name = Base; path = Base.lproj/LaunchScreen.storyboard; sourceTree = "<group>"; };
		ED1C89D01B5985EF00DCF0EB /* Info.plist */ = {isa = PBXFileReference; lastKnownFileType = text.plist.xml; path = Info.plist; sourceTree = "<group>"; };
		ED3322531B61B99000E3F624 /* ReviewTableViewController.swift */ = {isa = PBXFileReference; fileEncoding = 4; lastKnownFileType = sourcecode.swift; path = ReviewTableViewController.swift; sourceTree = "<group>"; };
		ED403E921BB81E5400BC3E58 /* AceSATWatch.app */ = {isa = PBXFileReference; explicitFileType = wrapper.application; includeInIndex = 0; path = AceSATWatch.app; sourceTree = BUILT_PRODUCTS_DIR; };
		ED403E951BB81E5400BC3E58 /* Base */ = {isa = PBXFileReference; lastKnownFileType = file.storyboard; name = Base; path = Base.lproj/Interface.storyboard; sourceTree = "<group>"; };
		ED403E971BB81E5400BC3E58 /* Assets.xcassets */ = {isa = PBXFileReference; lastKnownFileType = folder.assetcatalog; path = Assets.xcassets; sourceTree = "<group>"; };
		ED403E991BB81E5400BC3E58 /* Info.plist */ = {isa = PBXFileReference; lastKnownFileType = text.plist.xml; path = Info.plist; sourceTree = "<group>"; };
		ED403E9E1BB81E5500BC3E58 /* AceSATWatch Extension.appex */ = {isa = PBXFileReference; explicitFileType = "wrapper.app-extension"; includeInIndex = 0; path = "AceSATWatch Extension.appex"; sourceTree = BUILT_PRODUCTS_DIR; };
		ED403EA31BB81E5500BC3E58 /* ListPickerInterfaceController.swift */ = {isa = PBXFileReference; lastKnownFileType = sourcecode.swift; path = ListPickerInterfaceController.swift; sourceTree = "<group>"; };
		ED403EA51BB81E5500BC3E58 /* ExtensionDelegate.swift */ = {isa = PBXFileReference; lastKnownFileType = sourcecode.swift; path = ExtensionDelegate.swift; sourceTree = "<group>"; };
		ED403EA71BB81E5500BC3E58 /* GlanceController.swift */ = {isa = PBXFileReference; lastKnownFileType = sourcecode.swift; path = GlanceController.swift; sourceTree = "<group>"; };
		ED403EA91BB81E5500BC3E58 /* Assets.xcassets */ = {isa = PBXFileReference; lastKnownFileType = folder.assetcatalog; path = Assets.xcassets; sourceTree = "<group>"; };
		ED403EAB1BB81E5500BC3E58 /* Info.plist */ = {isa = PBXFileReference; lastKnownFileType = text.plist.xml; path = Info.plist; sourceTree = "<group>"; };
		ED403EB91BB8232500BC3E58 /* ReviewInterfaceController.swift */ = {isa = PBXFileReference; fileEncoding = 4; lastKnownFileType = sourcecode.swift; path = ReviewInterfaceController.swift; sourceTree = "<group>"; };
		ED403EBB1BB8235900BC3E58 /* ReviewTableRow.swift */ = {isa = PBXFileReference; fileEncoding = 4; lastKnownFileType = sourcecode.swift; path = ReviewTableRow.swift; sourceTree = "<group>"; };
		ED5A00201B6E04EC00EDB303 /* WordListPickerView.swift */ = {isa = PBXFileReference; fileEncoding = 4; lastKnownFileType = sourcecode.swift; path = WordListPickerView.swift; sourceTree = "<group>"; };
		ED67293A1B65BFCB00B396F6 /* PracticePageViewController.swift */ = {isa = PBXFileReference; fileEncoding = 4; lastKnownFileType = sourcecode.swift; path = PracticePageViewController.swift; sourceTree = "<group>"; };
		ED67293C1B66059200B396F6 /* TestViewController.swift */ = {isa = PBXFileReference; fileEncoding = 4; lastKnownFileType = sourcecode.swift; path = TestViewController.swift; sourceTree = "<group>"; };
		ED67293E1B66D0AF00B396F6 /* TestPageViewController.swift */ = {isa = PBXFileReference; fileEncoding = 4; lastKnownFileType = sourcecode.swift; path = TestPageViewController.swift; sourceTree = "<group>"; };
		ED69D2EF1B6478EC00B1A4AC /* ReviewTableViewCell.swift */ = {isa = PBXFileReference; fileEncoding = 4; lastKnownFileType = sourcecode.swift; path = ReviewTableViewCell.swift; sourceTree = "<group>"; };
		ED69D2F11B647F2000B1A4AC /* MainMenuViewController.swift */ = {isa = PBXFileReference; fileEncoding = 4; lastKnownFileType = sourcecode.swift; path = MainMenuViewController.swift; sourceTree = "<group>"; };
		ED834E2F1BB923260063EF7C /* MainScreenPracticeInterfaceController.swift */ = {isa = PBXFileReference; fileEncoding = 4; lastKnownFileType = sourcecode.swift; path = MainScreenPracticeInterfaceController.swift; sourceTree = "<group>"; };
		EDAF68C71BC01DE6001E862D /* ModePickerInterfaceController.swift */ = {isa = PBXFileReference; fileEncoding = 4; lastKnownFileType = sourcecode.swift; path = ModePickerInterfaceController.swift; sourceTree = "<group>"; };
		EDC573161B69624D001B1E9C /* TestReviewTableViewController.swift */ = {isa = PBXFileReference; fileEncoding = 4; lastKnownFileType = sourcecode.swift; path = TestReviewTableViewController.swift; sourceTree = "<group>"; };
		EDC573181B696869001B1E9C /* TestReviewTableViewCell.swift */ = {isa = PBXFileReference; fileEncoding = 4; lastKnownFileType = sourcecode.swift; path = TestReviewTableViewCell.swift; sourceTree = "<group>"; };
		EDCD69181BB8EE01008D19F9 /* PracticeInterfaceController.swift */ = {isa = PBXFileReference; fileEncoding = 4; lastKnownFileType = sourcecode.swift; path = PracticeInterfaceController.swift; sourceTree = "<group>"; };
		EDD3AD491B6D689500494618 /* TestPercentageView.swift */ = {isa = PBXFileReference; fileEncoding = 4; lastKnownFileType = sourcecode.swift; path = TestPercentageView.swift; sourceTree = "<group>"; };
		EDF48E351B64507A0090C6F3 /* WordList.json */ = {isa = PBXFileReference; fileEncoding = 4; lastKnownFileType = text.json; path = WordList.json; sourceTree = "<group>"; };
		EDFE7D0A1B67490F00168A7A /* WordListManager.swift */ = {isa = PBXFileReference; fileEncoding = 4; lastKnownFileType = sourcecode.swift; path = WordListManager.swift; sourceTree = "<group>"; };
		EDFE7D2A1B675E3400168A7A /* Test.swift */ = {isa = PBXFileReference; fileEncoding = 4; lastKnownFileType = sourcecode.swift; path = Test.swift; sourceTree = "<group>"; };
		EDFE7D2C1B6801F000168A7A /* TestResultsViewController.swift */ = {isa = PBXFileReference; fileEncoding = 4; lastKnownFileType = sourcecode.swift; path = TestResultsViewController.swift; sourceTree = "<group>"; };
/* End PBXFileReference section */

/* Begin PBXFrameworksBuildPhase section */
		ED1C89BE1B5985EF00DCF0EB /* Frameworks */ = {
			isa = PBXFrameworksBuildPhase;
			buildActionMask = 2147483647;
			files = (
			);
			runOnlyForDeploymentPostprocessing = 0;
		};
		ED403E9B1BB81E5500BC3E58 /* Frameworks */ = {
			isa = PBXFrameworksBuildPhase;
			buildActionMask = 2147483647;
			files = (
			);
			runOnlyForDeploymentPostprocessing = 0;
		};
/* End PBXFrameworksBuildPhase section */

/* Begin PBXGroup section */
		ED15F9861B6A020400C3F0B9 /* Review */ = {
			isa = PBXGroup;
			children = (
				ED3322531B61B99000E3F624 /* ReviewTableViewController.swift */,
				ED69D2EF1B6478EC00B1A4AC /* ReviewTableViewCell.swift */,
			);
			name = Review;
			sourceTree = "<group>";
		};
		ED15F9871B6A020900C3F0B9 /* Practice */ = {
			isa = PBXGroup;
			children = (
				ED67293A1B65BFCB00B396F6 /* PracticePageViewController.swift */,
				ED1BA4B71B659B2D0095BF34 /* PracticeFlashcardViewController.swift */,
			);
			name = Practice;
			sourceTree = "<group>";
		};
		ED15F9881B6A021100C3F0B9 /* Test */ = {
			isa = PBXGroup;
			children = (
				ED67293E1B66D0AF00B396F6 /* TestPageViewController.swift */,
				ED67293C1B66059200B396F6 /* TestViewController.swift */,
				EDFE7D2C1B6801F000168A7A /* TestResultsViewController.swift */,
				EDC573161B69624D001B1E9C /* TestReviewTableViewController.swift */,
				EDC573181B696869001B1E9C /* TestReviewTableViewCell.swift */,
				EDD3AD491B6D689500494618 /* TestPercentageView.swift */,
			);
			name = Test;
			sourceTree = "<group>";
		};
		ED1C89B81B5985EF00DCF0EB = {
			isa = PBXGroup;
			children = (
				ED1C89C31B5985EF00DCF0EB /* AceSAT */,
				ED403E931BB81E5400BC3E58 /* AceSATWatch */,
				ED403EA21BB81E5500BC3E58 /* AceSATWatch Extension */,
				ED1C89C21B5985EF00DCF0EB /* Products */,
			);
			sourceTree = "<group>";
		};
		ED1C89C21B5985EF00DCF0EB /* Products */ = {
			isa = PBXGroup;
			children = (
				ED1C89C11B5985EF00DCF0EB /* AceSAT.app */,
				ED403E921BB81E5400BC3E58 /* AceSATWatch.app */,
				ED403E9E1BB81E5500BC3E58 /* AceSATWatch Extension.appex */,
			);
			name = Products;
			sourceTree = "<group>";
		};
		ED1C89C31B5985EF00DCF0EB /* AceSAT */ = {
			isa = PBXGroup;
			children = (
				ED1C89C41B5985EF00DCF0EB /* AppDelegate.swift */,
				ED1C89C81B5985EF00DCF0EB /* Main.storyboard */,
				ED69D2F11B647F2000B1A4AC /* MainMenuViewController.swift */,
				ED5A00201B6E04EC00EDB303 /* WordListPickerView.swift */,
				ED15F9861B6A020400C3F0B9 /* Review */,
				ED15F9871B6A020900C3F0B9 /* Practice */,
				ED15F9881B6A021100C3F0B9 /* Test */,
				EDFE7D2A1B675E3400168A7A /* Test.swift */,
				EDFE7D0A1B67490F00168A7A /* WordListManager.swift */,
				ED15F9891B6A044000C3F0B9 /* TintColorLabel.swift */,
				ED15F98B1B6A054400C3F0B9 /* RoundGradientButton.swift */,
				ED15F9841B69FA3500C3F0B9 /* AceSATColors.swift */,
				ED1C89CB1B5985EF00DCF0EB /* Assets.xcassets */,
				ED1C89CD1B5985EF00DCF0EB /* LaunchScreen.storyboard */,
				ED1C89D01B5985EF00DCF0EB /* Info.plist */,
				EDF48E351B64507A0090C6F3 /* WordList.json */,
			);
			path = AceSAT;
			sourceTree = "<group>";
		};
		ED403E931BB81E5400BC3E58 /* AceSATWatch */ = {
			isa = PBXGroup;
			children = (
				ED403E941BB81E5400BC3E58 /* Interface.storyboard */,
				ED403E971BB81E5400BC3E58 /* Assets.xcassets */,
				ED403E991BB81E5400BC3E58 /* Info.plist */,
			);
			path = AceSATWatch;
			sourceTree = "<group>";
		};
		ED403EA21BB81E5500BC3E58 /* AceSATWatch Extension */ = {
			isa = PBXGroup;
			children = (
				ED403EA31BB81E5500BC3E58 /* ListPickerInterfaceController.swift */,
				EDAF68C71BC01DE6001E862D /* ModePickerInterfaceController.swift */,
				ED403EB91BB8232500BC3E58 /* ReviewInterfaceController.swift */,
				ED403EBB1BB8235900BC3E58 /* ReviewTableRow.swift */,
				EDCD69181BB8EE01008D19F9 /* PracticeInterfaceController.swift */,
				ED834E2F1BB923260063EF7C /* MainScreenPracticeInterfaceController.swift */,
				ED403EA51BB81E5500BC3E58 /* ExtensionDelegate.swift */,
				ED403EA71BB81E5500BC3E58 /* GlanceController.swift */,
				ED403EA91BB81E5500BC3E58 /* Assets.xcassets */,
				ED403EAB1BB81E5500BC3E58 /* Info.plist */,
			);
			path = "AceSATWatch Extension";
			sourceTree = "<group>";
		};
/* End PBXGroup section */

/* Begin PBXNativeTarget section */
		ED1C89C01B5985EF00DCF0EB /* AceSAT */ = {
			isa = PBXNativeTarget;
			buildConfigurationList = ED1C89D31B5985EF00DCF0EB /* Build configuration list for PBXNativeTarget "AceSAT" */;
			buildPhases = (
				ED1C89BD1B5985EF00DCF0EB /* Sources */,
				ED1C89BE1B5985EF00DCF0EB /* Frameworks */,
				ED1C89BF1B5985EF00DCF0EB /* Resources */,
				ED403EB61BB81E5500BC3E58 /* Embed Watch Content */,
			);
			buildRules = (
			);
			dependencies = (
				ED403EAD1BB81E5500BC3E58 /* PBXTargetDependency */,
			);
			name = AceSAT;
			productName = FlashcardApp;
			productReference = ED1C89C11B5985EF00DCF0EB /* AceSAT.app */;
			productType = "com.apple.product-type.application";
		};
		ED403E911BB81E5400BC3E58 /* AceSATWatch */ = {
			isa = PBXNativeTarget;
			buildConfigurationList = ED403EB51BB81E5500BC3E58 /* Build configuration list for PBXNativeTarget "AceSATWatch" */;
			buildPhases = (
				ED403E901BB81E5400BC3E58 /* Resources */,
				ED403EB41BB81E5500BC3E58 /* Embed App Extensions */,
			);
			buildRules = (
			);
			dependencies = (
				ED403EA11BB81E5500BC3E58 /* PBXTargetDependency */,
			);
			name = AceSATWatch;
			productName = AceSATWatch;
			productReference = ED403E921BB81E5400BC3E58 /* AceSATWatch.app */;
			productType = "com.apple.product-type.application.watchapp2";
		};
		ED403E9D1BB81E5500BC3E58 /* AceSATWatch Extension */ = {
			isa = PBXNativeTarget;
			buildConfigurationList = ED403EB31BB81E5500BC3E58 /* Build configuration list for PBXNativeTarget "AceSATWatch Extension" */;
			buildPhases = (
				ED403E9A1BB81E5500BC3E58 /* Sources */,
				ED403E9B1BB81E5500BC3E58 /* Frameworks */,
				ED403E9C1BB81E5500BC3E58 /* Resources */,
			);
			buildRules = (
			);
			dependencies = (
			);
			name = "AceSATWatch Extension";
			productName = "AceSATWatch Extension";
			productReference = ED403E9E1BB81E5500BC3E58 /* AceSATWatch Extension.appex */;
			productType = "com.apple.product-type.watchkit2-extension";
		};
/* End PBXNativeTarget section */

/* Begin PBXProject section */
		ED1C89B91B5985EF00DCF0EB /* Project object */ = {
			isa = PBXProject;
			attributes = {
				LastUpgradeCheck = 0700;
				ORGANIZATIONNAME = "Naman Kedia";
				TargetAttributes = {
					ED1C89C01B5985EF00DCF0EB = {
						CreatedOnToolsVersion = 7.0;
						DevelopmentTeam = R8VRS65L49;
						SystemCapabilities = {
							com.apple.GameCenter = {
								enabled = 0;
							};
							com.apple.iCloud = {
								enabled = 0;
							};
						};
					};
					ED403E911BB81E5400BC3E58 = {
						CreatedOnToolsVersion = 7.0;
						DevelopmentTeam = R8VRS65L49;
					};
					ED403E9D1BB81E5500BC3E58 = {
						CreatedOnToolsVersion = 7.0;
					};
				};
			};
			buildConfigurationList = ED1C89BC1B5985EF00DCF0EB /* Build configuration list for PBXProject "AceSAT" */;
			compatibilityVersion = "Xcode 3.2";
			developmentRegion = English;
			hasScannedForEncodings = 0;
			knownRegions = (
				en,
				Base,
			);
			mainGroup = ED1C89B81B5985EF00DCF0EB;
			productRefGroup = ED1C89C21B5985EF00DCF0EB /* Products */;
			projectDirPath = "";
			projectRoot = "";
			targets = (
				ED1C89C01B5985EF00DCF0EB /* AceSAT */,
				ED403E911BB81E5400BC3E58 /* AceSATWatch */,
				ED403E9D1BB81E5500BC3E58 /* AceSATWatch Extension */,
			);
		};
/* End PBXProject section */

/* Begin PBXResourcesBuildPhase section */
		ED1C89BF1B5985EF00DCF0EB /* Resources */ = {
			isa = PBXResourcesBuildPhase;
			buildActionMask = 2147483647;
			files = (
				ED1C89CF1B5985EF00DCF0EB /* LaunchScreen.storyboard in Resources */,
				EDF48E361B64507A0090C6F3 /* WordList.json in Resources */,
				ED1C89CC1B5985EF00DCF0EB /* Assets.xcassets in Resources */,
				ED1C89CA1B5985EF00DCF0EB /* Main.storyboard in Resources */,
			);
			runOnlyForDeploymentPostprocessing = 0;
		};
		ED403E901BB81E5400BC3E58 /* Resources */ = {
			isa = PBXResourcesBuildPhase;
			buildActionMask = 2147483647;
			files = (
				ED403E981BB81E5400BC3E58 /* Assets.xcassets in Resources */,
				ED403E961BB81E5400BC3E58 /* Interface.storyboard in Resources */,
			);
			runOnlyForDeploymentPostprocessing = 0;
		};
		ED403E9C1BB81E5500BC3E58 /* Resources */ = {
			isa = PBXResourcesBuildPhase;
			buildActionMask = 2147483647;
			files = (
				ED8CF1EF1BB97BA800356C8E /* Assets.xcassets in Resources */,
				EDAF68C61BC01DB2001E862D /* WordList.json in Resources */,
				ED403EAA1BB81E5500BC3E58 /* Assets.xcassets in Resources */,
			);
			runOnlyForDeploymentPostprocessing = 0;
		};
/* End PBXResourcesBuildPhase section */

/* Begin PBXSourcesBuildPhase section */
		ED1C89BD1B5985EF00DCF0EB /* Sources */ = {
			isa = PBXSourcesBuildPhase;
			buildActionMask = 2147483647;
			files = (
				ED15F9851B69FA3500C3F0B9 /* AceSATColors.swift in Sources */,
				ED67293F1B66D0AF00B396F6 /* TestPageViewController.swift in Sources */,
				ED5A00211B6E04EC00EDB303 /* WordListPickerView.swift in Sources */,
				ED69D2F01B6478EC00B1A4AC /* ReviewTableViewCell.swift in Sources */,
				EDC573191B696869001B1E9C /* TestReviewTableViewCell.swift in Sources */,
				ED1BA4B81B659B2D0095BF34 /* PracticeFlashcardViewController.swift in Sources */,
				ED67293D1B66059200B396F6 /* TestViewController.swift in Sources */,
				ED15F98C1B6A054400C3F0B9 /* RoundGradientButton.swift in Sources */,
				ED15F98A1B6A044000C3F0B9 /* TintColorLabel.swift in Sources */,
				ED3322541B61B99000E3F624 /* ReviewTableViewController.swift in Sources */,
				ED67293B1B65BFCB00B396F6 /* PracticePageViewController.swift in Sources */,
				EDFE7D2D1B6801F000168A7A /* TestResultsViewController.swift in Sources */,
				EDC573171B69624D001B1E9C /* TestReviewTableViewController.swift in Sources */,
				ED69D2F21B647F2000B1A4AC /* MainMenuViewController.swift in Sources */,
				EDFE7D2B1B675E3400168A7A /* Test.swift in Sources */,
				ED1C89C51B5985EF00DCF0EB /* AppDelegate.swift in Sources */,
				EDFE7D0B1B67490F00168A7A /* WordListManager.swift in Sources */,
				EDD3AD4A1B6D689500494618 /* TestPercentageView.swift in Sources */,
			);
			runOnlyForDeploymentPostprocessing = 0;
		};
		ED403E9A1BB81E5500BC3E58 /* Sources */ = {
			isa = PBXSourcesBuildPhase;
			buildActionMask = 2147483647;
			files = (
				ED403EBF1BB824A500BC3E58 /* AceSATColors.swift in Sources */,
				ED403EA61BB81E5500BC3E58 /* ExtensionDelegate.swift in Sources */,
				EDAF68C41BC01B6D001E862D /* WordListManager.swift in Sources */,
				ED403EBA1BB8232500BC3E58 /* ReviewInterfaceController.swift in Sources */,
				ED834E301BB923260063EF7C /* MainScreenPracticeInterfaceController.swift in Sources */,
				EDCD69191BB8EE01008D19F9 /* PracticeInterfaceController.swift in Sources */,
				ED403EA41BB81E5500BC3E58 /* ListPickerInterfaceController.swift in Sources */,
				EDAF68C51BC01B72001E862D /* Test.swift in Sources */,
				ED403EA81BB81E5500BC3E58 /* GlanceController.swift in Sources */,
				EDAF68C81BC01DE6001E862D /* ModePickerInterfaceController.swift in Sources */,
				ED403EBC1BB8235900BC3E58 /* ReviewTableRow.swift in Sources */,
			);
			runOnlyForDeploymentPostprocessing = 0;
		};
/* End PBXSourcesBuildPhase section */

/* Begin PBXTargetDependency section */
		ED403EA11BB81E5500BC3E58 /* PBXTargetDependency */ = {
			isa = PBXTargetDependency;
			target = ED403E9D1BB81E5500BC3E58 /* AceSATWatch Extension */;
			targetProxy = ED403EA01BB81E5500BC3E58 /* PBXContainerItemProxy */;
		};
		ED403EAD1BB81E5500BC3E58 /* PBXTargetDependency */ = {
			isa = PBXTargetDependency;
			target = ED403E911BB81E5400BC3E58 /* AceSATWatch */;
			targetProxy = ED403EAC1BB81E5500BC3E58 /* PBXContainerItemProxy */;
		};
/* End PBXTargetDependency section */

/* Begin PBXVariantGroup section */
		ED1C89C81B5985EF00DCF0EB /* Main.storyboard */ = {
			isa = PBXVariantGroup;
			children = (
				ED1C89C91B5985EF00DCF0EB /* Base */,
			);
			name = Main.storyboard;
			sourceTree = "<group>";
		};
		ED1C89CD1B5985EF00DCF0EB /* LaunchScreen.storyboard */ = {
			isa = PBXVariantGroup;
			children = (
				ED1C89CE1B5985EF00DCF0EB /* Base */,
			);
			name = LaunchScreen.storyboard;
			sourceTree = "<group>";
		};
		ED403E941BB81E5400BC3E58 /* Interface.storyboard */ = {
			isa = PBXVariantGroup;
			children = (
				ED403E951BB81E5400BC3E58 /* Base */,
			);
			name = Interface.storyboard;
			sourceTree = "<group>";
		};
/* End PBXVariantGroup section */

/* Begin XCBuildConfiguration section */
		ED1C89D11B5985EF00DCF0EB /* Debug */ = {
			isa = XCBuildConfiguration;
			buildSettings = {
				ALWAYS_SEARCH_USER_PATHS = NO;
				CLANG_CXX_LANGUAGE_STANDARD = "gnu++0x";
				CLANG_CXX_LIBRARY = "libc++";
				CLANG_ENABLE_MODULES = YES;
				CLANG_ENABLE_OBJC_ARC = YES;
				CLANG_WARN_BOOL_CONVERSION = YES;
				CLANG_WARN_CONSTANT_CONVERSION = YES;
				CLANG_WARN_DIRECT_OBJC_ISA_USAGE = YES_ERROR;
				CLANG_WARN_EMPTY_BODY = YES;
				CLANG_WARN_ENUM_CONVERSION = YES;
				CLANG_WARN_INT_CONVERSION = YES;
				CLANG_WARN_OBJC_ROOT_CLASS = YES_ERROR;
				CLANG_WARN_UNREACHABLE_CODE = YES;
				CLANG_WARN__DUPLICATE_METHOD_MATCH = YES;
				CODE_SIGN_IDENTITY = "iPhone Developer";
				COPY_PHASE_STRIP = NO;
				DEBUG_INFORMATION_FORMAT = dwarf;
				ENABLE_STRICT_OBJC_MSGSEND = YES;
				ENABLE_TESTABILITY = YES;
				GCC_C_LANGUAGE_STANDARD = gnu99;
				GCC_DYNAMIC_NO_PIC = NO;
				GCC_NO_COMMON_BLOCKS = YES;
				GCC_OPTIMIZATION_LEVEL = 0;
				GCC_PREPROCESSOR_DEFINITIONS = (
					"DEBUG=1",
					"$(inherited)",
				);
				GCC_WARN_64_TO_32_BIT_CONVERSION = YES;
				GCC_WARN_ABOUT_RETURN_TYPE = YES_ERROR;
				GCC_WARN_UNDECLARED_SELECTOR = YES;
				GCC_WARN_UNINITIALIZED_AUTOS = YES_AGGRESSIVE;
				GCC_WARN_UNUSED_FUNCTION = YES;
				GCC_WARN_UNUSED_VARIABLE = YES;
				IPHONEOS_DEPLOYMENT_TARGET = 9.0;
				MTL_ENABLE_DEBUG_INFO = YES;
				ONLY_ACTIVE_ARCH = YES;
				SDKROOT = iphoneos;
				SWIFT_OPTIMIZATION_LEVEL = "-Onone";
				TARGETED_DEVICE_FAMILY = "1,2";
			};
			name = Debug;
		};
		ED1C89D21B5985EF00DCF0EB /* Release */ = {
			isa = XCBuildConfiguration;
			buildSettings = {
				ALWAYS_SEARCH_USER_PATHS = NO;
				CLANG_CXX_LANGUAGE_STANDARD = "gnu++0x";
				CLANG_CXX_LIBRARY = "libc++";
				CLANG_ENABLE_MODULES = YES;
				CLANG_ENABLE_OBJC_ARC = YES;
				CLANG_WARN_BOOL_CONVERSION = YES;
				CLANG_WARN_CONSTANT_CONVERSION = YES;
				CLANG_WARN_DIRECT_OBJC_ISA_USAGE = YES_ERROR;
				CLANG_WARN_EMPTY_BODY = YES;
				CLANG_WARN_ENUM_CONVERSION = YES;
				CLANG_WARN_INT_CONVERSION = YES;
				CLANG_WARN_OBJC_ROOT_CLASS = YES_ERROR;
				CLANG_WARN_UNREACHABLE_CODE = YES;
				CLANG_WARN__DUPLICATE_METHOD_MATCH = YES;
				CODE_SIGN_IDENTITY = "iPhone Distribution: Rajesh Kedia (R8VRS65L49)";
				COPY_PHASE_STRIP = NO;
				DEBUG_INFORMATION_FORMAT = "dwarf-with-dsym";
				ENABLE_NS_ASSERTIONS = NO;
				ENABLE_STRICT_OBJC_MSGSEND = YES;
				GCC_C_LANGUAGE_STANDARD = gnu99;
				GCC_NO_COMMON_BLOCKS = YES;
				GCC_WARN_64_TO_32_BIT_CONVERSION = YES;
				GCC_WARN_ABOUT_RETURN_TYPE = YES_ERROR;
				GCC_WARN_UNDECLARED_SELECTOR = YES;
				GCC_WARN_UNINITIALIZED_AUTOS = YES_AGGRESSIVE;
				GCC_WARN_UNUSED_FUNCTION = YES;
				GCC_WARN_UNUSED_VARIABLE = YES;
				IPHONEOS_DEPLOYMENT_TARGET = 9.0;
				MTL_ENABLE_DEBUG_INFO = NO;
				SDKROOT = iphoneos;
				TARGETED_DEVICE_FAMILY = "1,2";
				VALIDATE_PRODUCT = YES;
			};
			name = Release;
		};
		ED1C89D41B5985EF00DCF0EB /* Debug */ = {
			isa = XCBuildConfiguration;
			buildSettings = {
				ASSETCATALOG_COMPILER_APPICON_NAME = AppIcon;
				CODE_SIGN_ENTITLEMENTS = "";
				CODE_SIGN_IDENTITY = "iPhone Developer";
				"CODE_SIGN_IDENTITY[sdk=iphoneos*]" = "iPhone Developer";
				INFOPLIST_FILE = AceSAT/Info.plist;
				LD_RUNPATH_SEARCH_PATHS = "$(inherited) @executable_path/Frameworks";
				PRODUCT_BUNDLE_IDENTIFIER = com.namankedia.AceSATApp;
				PRODUCT_NAME = "$(TARGET_NAME)";
				PROVISIONING_PROFILE = "";
			};
			name = Debug;
		};
		ED1C89D51B5985EF00DCF0EB /* Release */ = {
			isa = XCBuildConfiguration;
			buildSettings = {
				ASSETCATALOG_COMPILER_APPICON_NAME = AppIcon;
				CODE_SIGN_ENTITLEMENTS = "";
				CODE_SIGN_IDENTITY = "iPhone Developer";
				"CODE_SIGN_IDENTITY[sdk=iphoneos*]" = "iPhone Developer";
				INFOPLIST_FILE = AceSAT/Info.plist;
				LD_RUNPATH_SEARCH_PATHS = "$(inherited) @executable_path/Frameworks";
				PRODUCT_BUNDLE_IDENTIFIER = com.namankedia.AceSATApp;
				PRODUCT_NAME = "$(TARGET_NAME)";
				PROVISIONING_PROFILE = "";
			};
			name = Release;
		};
		ED403EAF1BB81E5500BC3E58 /* Debug */ = {
			isa = XCBuildConfiguration;
			buildSettings = {
				ASSETCATALOG_COMPILER_APPICON_NAME = AppIcon;
				CODE_SIGN_IDENTITY = "iPhone Developer";
				"CODE_SIGN_IDENTITY[sdk=iphoneos*]" = "iPhone Developer";
				EMBEDDED_CONTENT_CONTAINS_SWIFT = YES;
				IBSC_MODULE = AceSATWatch_Extension;
				INFOPLIST_FILE = AceSATWatch/Info.plist;
				PRODUCT_BUNDLE_IDENTIFIER = com.namankedia.AceSATApp.watchkitapp;
				PRODUCT_NAME = "$(TARGET_NAME)";
				SDKROOT = watchos;
				SKIP_INSTALL = YES;
				TARGETED_DEVICE_FAMILY = 4;
				WATCHOS_DEPLOYMENT_TARGET = 2.0;
			};
			name = Debug;
		};
		ED403EB01BB81E5500BC3E58 /* Release */ = {
			isa = XCBuildConfiguration;
			buildSettings = {
				ASSETCATALOG_COMPILER_APPICON_NAME = AppIcon;
				CODE_SIGN_IDENTITY = "iPhone Developer";
				"CODE_SIGN_IDENTITY[sdk=iphoneos*]" = "iPhone Developer";
				EMBEDDED_CONTENT_CONTAINS_SWIFT = YES;
				IBSC_MODULE = AceSATWatch_Extension;
				INFOPLIST_FILE = AceSATWatch/Info.plist;
				PRODUCT_BUNDLE_IDENTIFIER = com.namankedia.AceSATApp.watchkitapp;
				PRODUCT_NAME = "$(TARGET_NAME)";
				SDKROOT = watchos;
				SKIP_INSTALL = YES;
				TARGETED_DEVICE_FAMILY = 4;
				WATCHOS_DEPLOYMENT_TARGET = 2.0;
			};
			name = Release;
		};
		ED403EB11BB81E5500BC3E58 /* Debug */ = {
			isa = XCBuildConfiguration;
			buildSettings = {
				INFOPLIST_FILE = "AceSATWatch Extension/Info.plist";
				LD_RUNPATH_SEARCH_PATHS = "$(inherited) @executable_path/Frameworks @executable_path/../../Frameworks";
				PRODUCT_BUNDLE_IDENTIFIER = com.namankedia.AceSATApp.watchkitapp.watchkitextension;
				PRODUCT_NAME = "${TARGET_NAME}";
				SDKROOT = watchos;
				SKIP_INSTALL = YES;
				TARGETED_DEVICE_FAMILY = 4;
				WATCHOS_DEPLOYMENT_TARGET = 2.0;
			};
			name = Debug;
		};
		ED403EB21BB81E5500BC3E58 /* Release */ = {
			isa = XCBuildConfiguration;
			buildSettings = {
				INFOPLIST_FILE = "AceSATWatch Extension/Info.plist";
				LD_RUNPATH_SEARCH_PATHS = "$(inherited) @executable_path/Frameworks @executable_path/../../Frameworks";
				PRODUCT_BUNDLE_IDENTIFIER = com.namankedia.AceSATApp.watchkitapp.watchkitextension;
				PRODUCT_NAME = "${TARGET_NAME}";
				SDKROOT = watchos;
				SKIP_INSTALL = YES;
				TARGETED_DEVICE_FAMILY = 4;
				WATCHOS_DEPLOYMENT_TARGET = 2.0;
			};
			name = Release;
		};
/* End XCBuildConfiguration section */

/* Begin XCConfigurationList section */
		ED1C89BC1B5985EF00DCF0EB /* Build configuration list for PBXProject "AceSAT" */ = {
			isa = XCConfigurationList;
			buildConfigurations = (
				ED1C89D11B5985EF00DCF0EB /* Debug */,
				ED1C89D21B5985EF00DCF0EB /* Release */,
			);
			defaultConfigurationIsVisible = 0;
			defaultConfigurationName = Release;
		};
		ED1C89D31B5985EF00DCF0EB /* Build configuration list for PBXNativeTarget "AceSAT" */ = {
			isa = XCConfigurationList;
			buildConfigurations = (
				ED1C89D41B5985EF00DCF0EB /* Debug */,
				ED1C89D51B5985EF00DCF0EB /* Release */,
			);
			defaultConfigurationIsVisible = 0;
			defaultConfigurationName = Release;
		};
		ED403EB31BB81E5500BC3E58 /* Build configuration list for PBXNativeTarget "AceSATWatch Extension" */ = {
			isa = XCConfigurationList;
			buildConfigurations = (
				ED403EB11BB81E5500BC3E58 /* Debug */,
				ED403EB21BB81E5500BC3E58 /* Release */,
			);
			defaultConfigurationIsVisible = 0;
			defaultConfigurationName = Release;
		};
		ED403EB51BB81E5500BC3E58 /* Build configuration list for PBXNativeTarget "AceSATWatch" */ = {
			isa = XCConfigurationList;
			buildConfigurations = (
				ED403EAF1BB81E5500BC3E58 /* Debug */,
				ED403EB01BB81E5500BC3E58 /* Release */,
			);
			defaultConfigurationIsVisible = 0;
			defaultConfigurationName = Release;
		};
/* End XCConfigurationList section */
	};
	rootObject = ED1C89B91B5985EF00DCF0EB /* Project object */;
}
